# THIS IS AN AUTOGENERATED FILE. DO NOT EDIT THIS FILE DIRECTLY.
assets/OfficeCodeProD-Bold.otf:
  development: 2018-05-08T12:12:33+05:30   d4ca89421fccf926ac2fba502db2e118
assets/banner.jpg:
  development: 2018-04-23T10:59:45+05:30   35d50fa57c1916bf1b21bed65814623a
assets/gift-card.scss.liquid:
  development: 2018-04-23T10:59:45+05:30
assets/ico-select.svg.liquid:
  development: 2018-04-23T10:59:45+05:30   9c9cc5a57cc74a0a64c2f62b1370a920
assets/icon-slideshow-left.svg.liquid:
  development: 2018-04-23T10:59:45+05:30   a067b6819f2de02e4a4071424fcf9efc
assets/icon-slideshow-right.svg.liquid:
  development: 2018-04-23T10:59:45+05:30   4962616631b7306c922577823a9f5b30
assets/jquery-1.11.0.min.js:
  development: 2018-04-23T10:59:46+05:30   8fc25e27d42774aeae6edbc0a18b72aa
assets/lazysizes.min.js:
  development: 2018-04-23T10:59:46+05:30   f2a5b6f596a7729e2661a6d2595d61c9
assets/modernizr.min.js:
  development: 2018-04-23T10:59:46+05:30   293e451a80e8d63bb419a96311562ff9
assets/officecodepro-bold.otf:
  development: 2018-05-08T11:54:13+05:30   f73ce7412449d4e811c87deb6658c4fd
assets/officecodepro-medium.otf:
  development: 2018-05-08T12:12:51+05:30   6ae44ce081714554d5132b7567c08f8f
assets/officecodepro-regular.otf:
  development: 2018-05-08T11:54:49+05:30   4b60b2548a6cd18a3a9973069dac09ea
assets/sca.storepickup.css:
  development: 2018-06-04T15:34:09+05:30   017a0fa1e62eb22cfe7ff2f6d5d53e11
assets/scasp-datetime-picker.png:
  development: 2018-06-04T15:34:10+05:30   5b6d67690505320a0b9abde2f9bdd8f2
assets/scasp-delivery-icon.png:
  development: 2018-06-04T15:34:13+05:30   660e0512691e1fd927b6afaf51467bbb
assets/scasp-find-location.png:
  development: 2018-06-04T15:34:10+05:30   f2c3fc5d0b48501ffbe715f37c357eb3
assets/scasp-marker.png:
  development: 2018-06-04T15:34:11+05:30   9a699b580f10d4daf12e0c15a9bdcbe2
assets/scasp-pickup-icon.png:
  development: 2018-06-04T15:34:12+05:30   496c70cd67591b73fb57bfcacc4c828a
assets/scasp-shipping-icon.png:
  development: 2018-06-04T15:34:13+05:30   17c9bf5b7cca3c9695f2a17a12ede984
assets/theme.js.liquid:
  development: 2018-06-01T14:27:38+05:30   91e17e117c95bb38e0623aa0619755a4
assets/theme.scss.liquid:
  development: 2018-05-31T17:12:38+05:30   868059e209f23220e0c8f539eb0b1521
config/settings_data.json:
  development: 2018-06-15T16:58:03+05:30   e1c99e7810d6103d972187d9be82b99d
config/settings_schema.json:
  development: 2018-04-23T10:59:50+05:30   86427c08c0c28aaae7ac4803c397d5b2
layout/password.liquid:
  development: 2018-04-23T10:59:46+05:30   ad505793cf76ef5a7bd827d178ed5a65
layout/theme.liquid:
  development: 2018-06-04T15:34:15+05:30   cb5ec2c28dcff648e7469401b8a38a2e
locales/de.json:
  development: 2018-04-23T10:59:46+05:30   e8a21c4b93c5279b8130d697072dba02
locales/en.default.json:
  development: 2018-04-23T10:59:46+05:30   1a79959c6b066b67fcfbdd4705fa9a18
locales/es.json:
  development: 2018-04-23T10:59:46+05:30   78a1a397c78a0b2bd868fa5a0b207e1c
locales/fr.json:
  development: 2018-04-23T10:59:47+05:30   2a6eb950cc2f638a7fe6c60b47fcf7c6
locales/it.json:
  development: 2018-04-23T10:59:47+05:30   e7ba51df554e54cad185929930ead935
locales/ja.json:
  development: 2018-04-23T10:59:47+05:30   09f2a7e3fed3a54c3dfeb125e44c94cf
locales/pt-BR.json:
  development: 2018-04-23T10:59:47+05:30   d7216b9d66de5969b40eb883e938032a
locales/pt-PT.json:
  development: 2018-04-23T10:59:47+05:30   f04f96cea17c3a03ed6ac4ef342a5cef
sections/advanced-content.liquid:
  development: 2018-04-23T10:59:43+05:30   ac97b02d8b52705edfb44d025bda31aa
sections/article-template.liquid:
  development: 2018-04-23T10:59:43+05:30   cca17337de98951206eff8eb2d508973
sections/collection-list.liquid:
  development: 2018-04-23T10:59:43+05:30   4dfd594ea81e17f71b51ac81ee3bebe7
sections/collection-template.liquid:
  development: 2018-04-23T10:59:43+05:30   4a38d8b8467f427dd4c3b233d0ab5cdd
sections/featured-banner.liquid:
  development: 2018-04-23T10:59:43+05:30   a0b63a5bd23c838afeea8965b66442a6
sections/featured-blog.liquid:
  development: 2018-04-23T10:59:43+05:30   9a29aec168e943e492d560728abd0962
sections/featured-content.liquid:
  development: 2018-04-23T10:59:43+05:30   c3f1882bff013c5b5069d2ee0f78c68a
sections/featured-product.liquid:
  development: 2018-04-23T10:59:43+05:30   765cd935783eb6179aa841d11ba85dc5
sections/featured-products.liquid:
  development: 2018-05-30T18:50:40+05:30   27835a3d771452990f943a7100b237d2
sections/featured-row.liquid:
  development: 2018-04-23T10:59:44+05:30   ac4171b245c753e911d8f59992f74580
sections/featured-video.liquid:
  development: 2018-04-23T10:59:44+05:30   d69d9b2f031ff0f9fc40978f5a1c4d4a
sections/footer.liquid:
  development: 2018-05-14T15:08:31+05:30   8932037c908ec31fce59d9491d1726bc
sections/header.liquid:
  development: 2018-05-07T10:26:58+05:30   8d26ab7905a4a6feb9480fa0e905e0a6
sections/list-collections-template.liquid:
  development: 2018-04-23T10:59:44+05:30   5cee42a561d01c41c11b1b3031c9eb40
sections/map.liquid:
  development: 2018-04-23T10:59:44+05:30   30efd550c43c91317b870f9444f6fba7
sections/newsletter.liquid:
  development: 2018-04-23T10:59:44+05:30   2e5635f2d1d0a6982cacad2cdcde1ec6
sections/password-content.liquid:
  development: 2018-04-23T10:59:44+05:30   58cc1dfe23b3fcc513265d4f3259d750
sections/password-header.liquid:
  development: 2018-04-23T10:59:44+05:30   0dabed945442c440027e199baefc71fa
sections/product-template.liquid:
  development: 2018-05-08T15:50:57+05:30   29145db5f459fad0300af325b65d05ae
sections/sidebar-1.liquid:
  development: 2018-05-29T19:13:38+05:30   191ea17f1b880e66110e9252aadd2719
sections/sidebar.liquid:
  development: 2018-06-04T11:00:23+05:30   641c37942a12cb4c061bd190eafee8fb
sections/slideshow.liquid:
  development: 2018-04-23T10:59:44+05:30   8b5417e16783b70c40c45a907d1fc2b3
snippets/bgset.liquid:
  development: 2018-04-23T10:59:47+05:30   a28507bd19b215aa7a27c8a6a16e6f1b
snippets/breadcrumb-nav.liquid:
  development: 2018-04-23T10:59:47+05:30   f10d67017bcc6105c56e9f539b9d7056
snippets/collection-grid-item.liquid:
  development: 2018-04-23T10:59:47+05:30   669167fa4f4196191ac923254531d189
snippets/comment.liquid:
  development: 2018-04-23T10:59:47+05:30   857825835ca6c43c28ee55e116e4c803
snippets/featured-blog.liquid:
  development: 2018-04-23T10:59:47+05:30   0498b92623d6812d7a3dd2290e4bbe76
snippets/icon-amazon_payments.liquid:
  development: 2018-04-23T10:59:47+05:30   f1ad8ba26dd5b98117703ede5357e408
snippets/icon-american_express.liquid:
  development: 2018-04-23T10:59:47+05:30   9da829decce6867b8de60a183c94d099
snippets/icon-apple_pay.liquid:
  development: 2018-04-23T10:59:47+05:30   e82e7acc46479ea2173926f8fad55db0
snippets/icon-arrow-down.liquid:
  development: 2018-04-23T10:59:47+05:30   5f04b092b5cf026cd6fab3f33ebdf036
snippets/icon-arrow-right.liquid:
  development: 2018-04-23T10:59:47+05:30   673b5df6fc529ea067e1e043cdee0f6b
snippets/icon-bitcoin.liquid:
  development: 2018-04-23T10:59:47+05:30   d8cb31e0401818c1cb852348b6f27420
snippets/icon-cart.liquid:
  development: 2018-04-23T10:59:47+05:30   f9b69bc3b59ab9522e8acaf26177cd4b
snippets/icon-cirrus.liquid:
  development: 2018-04-23T10:59:47+05:30   fcbd6ce7e38d7946c921c8ed6ad5ca71
snippets/icon-close.liquid:
  development: 2018-04-23T10:59:47+05:30   1ae4758b5f5e0acc627a32e96ed79da9
snippets/icon-dankort.liquid:
  development: 2018-04-23T10:59:47+05:30   796e1e822b3e46784d303b48c9db5b29
snippets/icon-diners_club.liquid:
  development: 2018-04-23T10:59:48+05:30   cf70ea54486bb14c286264f90dab9ff8
snippets/icon-discover.liquid:
  development: 2018-04-23T10:59:48+05:30   b43221b39bc3df37f7e6c7810d3e54d8
snippets/icon-dogecoin.liquid:
  development: 2018-04-23T10:59:48+05:30   6a35f5db9eb93d1ed563c6989ff30798
snippets/icon-dwolla.liquid:
  development: 2018-04-23T10:59:48+05:30   aeb86f67aad84adaf7635d2043cb89a9
snippets/icon-facebook.liquid:
  development: 2018-04-23T10:59:48+05:30   334588042b292f2d7335fd2791c35eca
snippets/icon-fancy.liquid:
  development: 2018-04-23T10:59:48+05:30   1b2e8c5ae0be6a60661773457b03c075
snippets/icon-forbrugsforeningen.liquid:
  development: 2018-04-23T10:59:48+05:30   ff962a94f23046340766c215b0f14a52
snippets/icon-google-plus.liquid:
  development: 2018-04-23T10:59:48+05:30   695eb6c232c09607080a51159cb81ef0
snippets/icon-hamburger.liquid:
  development: 2018-04-23T10:59:48+05:30   376481fbfb3706d72c5a9ecd55394ae5
snippets/icon-instagram.liquid:
  development: 2018-04-23T10:59:48+05:30   bf50214819f6e2a5f053593e2414526d
snippets/icon-interac.liquid:
  development: 2018-04-23T10:59:48+05:30   24c4d22a98c0574c32fc02fe39e34b80
snippets/icon-jcb.liquid:
  development: 2018-04-23T10:59:48+05:30   275259ce80a1b368d0e5afcf7d6bb6f3
snippets/icon-klarna.liquid:
  development: 2018-04-23T10:59:48+05:30   9faa80c27e5612a01f9f0f9fc3ad3d6f
snippets/icon-litecoin.liquid:
  development: 2018-04-23T10:59:48+05:30   051dfcb36fa17b532a087b12f0a49e0e
snippets/icon-lock.liquid:
  development: 2018-04-23T10:59:48+05:30   60ae7ba03d14efa582faed8855821a58
snippets/icon-maestro.liquid:
  development: 2018-04-23T10:59:48+05:30   b987e558ecad607661489939ec8ca524
snippets/icon-master.liquid:
  development: 2018-04-23T10:59:48+05:30   7be93970b63c2fd0e2b319a35c00a9d7
snippets/icon-minus.liquid:
  development: 2018-04-23T10:59:48+05:30   78c513424d498299e865f8a242823ad0
snippets/icon-paypal.liquid:
  development: 2018-04-23T10:59:48+05:30   1b0d7db160b229b8519cccf2514ee676
snippets/icon-pin.liquid:
  development: 2018-04-23T10:59:48+05:30   694162388571d6142ec30bc299d8ac91
snippets/icon-pinterest.liquid:
  development: 2018-04-23T10:59:49+05:30   701f2a785b3fa83d63e3ab54af060031
snippets/icon-plus.liquid:
  development: 2018-04-23T10:59:49+05:30   ba5297f64eb7ea97f1785e8166e11231
snippets/icon-rss.liquid:
  development: 2018-04-23T10:59:49+05:30   6493d6bcb850513a55823d4ff62b0f8b
snippets/icon-search.liquid:
  development: 2018-04-23T10:59:49+05:30   a87ad34972418ed6358f17c62949f804
snippets/icon-shopify-logo.liquid:
  development: 2018-04-23T10:59:49+05:30   3f0b70f9e01be5b25507d25a732ecde7
snippets/icon-shopify_pay.liquid:
  development: 2018-04-23T10:59:49+05:30   0af2d9a3a7f1b14dfc11f8e4b9746c2d
snippets/icon-snapchat.liquid:
  development: 2018-04-23T10:59:49+05:30   9ed6937e3232c9034976be2b8ed9f673
snippets/icon-stripe.liquid:
  development: 2018-04-23T10:59:49+05:30   208713954dff9de98f800df59763615d
snippets/icon-tumblr.liquid:
  development: 2018-04-23T10:59:49+05:30   d71a4ada77a8a9b6bd792bdafef393de
snippets/icon-twitter.liquid:
  development: 2018-04-23T10:59:49+05:30   24047c22697a23a0baabf2804adc6c11
snippets/icon-update.liquid:
  development: 2018-04-23T10:59:49+05:30   5f2d0971896ba025061affa5e0c8aa2b
snippets/icon-vimeo.liquid:
  development: 2018-04-23T10:59:49+05:30   a229ed8a1a81e6ef95ad621f8a34efb6
snippets/icon-visa.liquid:
  development: 2018-04-23T10:59:49+05:30   a37648952a8922c0c3a9e7f4cca66662
snippets/icon-youtube.liquid:
  development: 2018-04-23T10:59:49+05:30   9d72c5bc3eaa14a3e7aefd921881b1ae
snippets/image-style.liquid:
  development: 2018-04-23T10:59:49+05:30   4dc520141f123f01c25d0e0aff4b59fe
snippets/newsletter.liquid:
  development: 2018-04-23T10:59:49+05:30   3187ead8cce32aa0ed32321e9f322b1d
snippets/onboarding-featured-blog.liquid:
  development: 2018-04-23T10:59:49+05:30   112c2401c0473fff01bbe7e034661aa8
snippets/product-description.liquid:
  development: 2018-04-23T10:59:49+05:30   493a3c881a6c163f5f25fc0b580a1329
snippets/product-grid-item.liquid:
  development: 2018-05-19T19:46:50+05:30   2f13fbb382b2474638cd19a1d3df5588
snippets/related-products.liquid:
  development: 2018-04-23T10:59:49+05:30   633251cae57fa8ba8fef75bd44c9725b
snippets/sca.storepickup.extend.liquid:
  development: 2018-06-04T15:34:13+05:30   98392664b4acbf29649bed3dd973c608
snippets/sca.storepickup.liquid:
  development: 2018-06-04T15:34:14+05:30   3644ab5562500626c1dd14efe83240f7
snippets/sca.storepickup_execute.liquid:
  development: 2018-06-04T15:34:14+05:30   a0d64f2a3379a3c464f0ea4e29356362
snippets/sca.storepickup_params.liquid:
  development: 2018-06-04T15:34:14+05:30   8706018c0d28aab935be3484c9767c2a
snippets/social-meta-tags.liquid:
  development: 2018-04-23T10:59:49+05:30   ae9e213401623b2601abf0ace8e21537
snippets/social-sharing.liquid:
  development: 2018-04-23T10:59:50+05:30   00ef62633c4438c98624f913e802974f
snippets/wk-directory-listing.liquid:
  development: 2018-06-20T13:17:09+05:30
templates/404.liquid:
  development: 2018-04-23T10:59:50+05:30   44a6b0129de575e7085a047bc2096a76
templates/article.liquid:
  development: 2018-04-23T10:59:50+05:30   08563437ca9c95766c220339923d2899
templates/blog.liquid:
  development: 2018-04-23T10:59:50+05:30   aa84ffccd2208fd2dd40f33a5167093f
templates/cart.liquid:
  development: 2018-04-23T10:59:50+05:30   302062d97334f1e5db453b36e5611664
templates/collection-shop-all.liquid:
  development: 2018-05-29T19:16:43+05:30   cf0e8a539191efbbc9b930b06512173e
templates/collection.liquid:
  development: 2018-04-23T10:59:50+05:30   2a3d1329a10102fc0d2aec5467c0018e
templates/customers/account.liquid:
  development: 2018-04-23T10:59:50+05:30   879221a1310ebe324aa78d357ec44c9d
templates/customers/activate_account.liquid:
  development: 2018-05-07T11:07:43+05:30   140f14e420dca98a8b1d20779506d14a
templates/customers/addresses.liquid:
  development: 2018-04-23T10:59:50+05:30   a82a99a3b45479b9fbd86659d00d81b6
templates/customers/login.liquid:
  development: 2018-05-08T11:15:02+05:30   4497553f65fd0aeeeeaeaec4c819a4d7
templates/customers/order.liquid:
  development: 2018-04-23T10:59:50+05:30   1a5eaf1c019788fc01018f80b996d478
templates/customers/register.liquid:
  development: 2018-05-08T10:08:09+05:30   cd0206eadc4a3fbfa2aa076d73dc77bc
templates/customers/reset_password.liquid:
  development: 2018-04-23T10:59:50+05:30   0aa406cf9eade91838a28d628a776207
templates/gift_card.liquid:
  development: 2018-04-23T10:59:50+05:30   685df6efb1dcd127f670cde842d5f5bc
templates/index.liquid:
  development: 2018-05-30T14:36:33+05:30   f928d6eada4f0a3d891309421f31f99f
templates/list-collections.liquid:
  development: 2018-04-23T10:59:50+05:30   eabed71f62563b929b8da83a4aeacbfb
templates/page.contact.liquid:
  development: 2018-04-23T10:59:50+05:30   d4e3284c89f398f0feab0952f64ca5ac
templates/page.liquid:
  development: 2018-04-23T10:59:50+05:30   e1b64d2499164dede0a7c6df21b03f9c
templates/page.mp_seller_profile.liquid:
  development: 2018-05-14T09:59:10+05:30   bfb766bfd0d155bb416e3805190687ee
templates/password.liquid:
  development: 2018-04-23T10:59:50+05:30   197aff54ed6868121a8feaa8b77f94e6
templates/product.liquid:
  development: 2018-04-23T10:59:50+05:30   8dc0a5ff5551ec620d64c92ba21689d8
templates/search.liquid:
  development: 2018-04-23T10:59:50+05:30   512629375f37d716c110b5445fad531a
